# THIS IS AN AUTOGENERATED FILE. DO NOT EDIT THIS FILE DIRECTLY.
# yarn lockfile v1


"@babel/code-frame@^7.0.0":
  version "7.27.1"
  resolved "https://registry.npmjs.org/@babel/code-frame/-/code-frame-7.27.1.tgz"
  integrity sha512-cjQ7ZlQ0Mv3b47hABuTevyTuYN4i+loJKGeV9flcCgIK37cCXRh+L1bd3iBHlynerhQ7BhCkn2BPbQUL+rGqFg==
  dependencies:
    "@babel/helper-validator-identifier" "^7.27.1"
    js-tokens "^4.0.0"
    picocolors "^1.1.1"

"@babel/helper-validator-identifier@^7.27.1":
  version "7.28.5"
  resolved "https://registry.npmjs.org/@babel/helper-validator-identifier/-/helper-validator-identifier-7.28.5.tgz"
  integrity sha512-qSs4ifwzKJSV39ucNjsvc6WVHs6b7S03sOh2OcHF9UHfVPqWWALUsNUVzhSBiItjRZoLHx7nIarVjqKVusUZ1Q==

"@playwright/test@^1.56.0":
  version "1.56.0"
  resolved "https://registry.npmjs.org/@playwright/test/-/test-1.56.0.tgz"
  integrity sha512-Tzh95Twig7hUwwNe381/K3PggZBZblKUe2wv25oIpzWLr6Z0m4KgV1ZVIjnR6GM9ANEqjZD7XsZEa6JL/7YEgg==
  dependencies:
    playwright "1.56.0"

"@puppeteer/browsers@2.10.13":
  version "2.10.13"
  resolved "https://registry.npmjs.org/@puppeteer/browsers/-/browsers-2.10.13.tgz"
  integrity sha512-a9Ruw3j3qlnB5a/zHRTkruppynxqaeE4H9WNj5eYGRWqw0ZauZ23f4W2ARf3hghF5doozyD+CRtt7XSYuYRI/Q==
  dependencies:
    debug "^4.4.3"
    extract-zip "^2.0.1"
    progress "^2.0.3"
    proxy-agent "^6.5.0"
    semver "^7.7.3"
    tar-fs "^3.1.1"
    yargs "^17.7.2"

"@tootallnate/quickjs-emscripten@^0.23.0":
  version "0.23.0"
  resolved "https://registry.npmjs.org/@tootallnate/quickjs-emscripten/-/quickjs-emscripten-0.23.0.tgz"
  integrity sha512-C5Mc6rdnsaJDjO3UpGW/CQTHtCKaYlScZTly4JIu97Jxo/odCiH0ITnDXSJPTOrEKk/ycSZ0AOgTmkDtkOsvIA==

"@types/jsonwebtoken@^9.0.10":
  version "9.0.10"
  resolved "https://registry.npmjs.org/@types/jsonwebtoken/-/jsonwebtoken-9.0.10.tgz"
  integrity sha512-asx5hIG9Qmf/1oStypjanR7iKTv0gXQ1Ov/jfrX6kS/EO0OFni8orbmGCn0672NHR3kXHwpAwR+B368ZGN/2rA==
  dependencies:
    "@types/ms" "*"
    "@types/node" "*"

"@types/ms@*":
  version "2.1.0"
  resolved "https://registry.npmjs.org/@types/ms/-/ms-2.1.0.tgz"
  integrity sha512-GsCCIZDE/p3i96vtEqx+7dBUGXrc7zeSK3wwPHIaRThS+9OhWIXRqzs4d6k1SVU8g91DrNRWxWUGhp5KXQb2VA==

"@types/node@*", "@types/node@^24.7.2":
  version "24.7.2"
  resolved "https://registry.npmjs.org/@types/node/-/node-24.7.2.tgz"
  integrity sha512-/NbVmcGTP+lj5oa4yiYxxeBjRivKQ5Ns1eSZeB99ExsEQ6rX5XYU1Zy/gGxY/ilqtD4Etx9mKyrPxZRetiahhA==
  dependencies:
    undici-types "~7.14.0"

"@types/pa11y@^5.3.7":
  version "5.3.7"
  resolved "https://registry.npmjs.org/@types/pa11y/-/pa11y-5.3.7.tgz"
  integrity sha512-lvGs8okuhQSM69WGlXB8c9Sa068kVIZJr/E8/khfH1LoRovlIz8s7sh/ZHOQ24FzFhpzAr1NwhniLAwVld03UA==
  dependencies:
    "@types/puppeteer" "^5.4.0"

"@types/puppeteer@^5.4.0":
  version "5.4.7"
  resolved "https://registry.npmjs.org/@types/puppeteer/-/puppeteer-5.4.7.tgz"
  integrity sha512-JdGWZZYL0vKapXF4oQTC5hLVNfOgdPrqeZ1BiQnGk5cB7HeE91EWUiTdVSdQPobRN8rIcdffjiOgCYJ/S8QrnQ==
  dependencies:
    "@types/node" "*"

"@types/yauzl@^2.9.1":
  version "2.10.3"
  resolved "https://registry.npmjs.org/@types/yauzl/-/yauzl-2.10.3.tgz"
  integrity sha512-oJoftv0LSuaDZE3Le4DbKX+KS9G36NzOeSap90UIK0yMA/NhKJhqlSGtNDORNRaIbQfzjXDrQa0ytJ6mNRGz/Q==
  dependencies:
    "@types/node" "*"

agent-base@^7.1.0, agent-base@^7.1.2:
  version "7.1.4"
  resolved "https://registry.npmjs.org/agent-base/-/agent-base-7.1.4.tgz"
  integrity sha512-MnA+YT8fwfJPgBx3m60MNqakm30XOkyIoH1y6huTQvC0PwZG7ki8NacLBcrPbNoo8vEZy7Jpuk7+jMO+CUovTQ==

ansi-regex@^5.0.1:
  version "5.0.1"
  resolved "https://registry.npmjs.org/ansi-regex/-/ansi-regex-5.0.1.tgz"
  integrity sha512-quJQXlTSUGL2LH9SUXo8VwsY4soanhgo6LNSm84E1LBcE8s3O0wpdiRzyR9z/ZZJMlMWv37qOOb9pdJlMUEKFQ==

ansi-styles@^4.0.0:
  version "4.3.0"
  resolved "https://registry.npmjs.org/ansi-styles/-/ansi-styles-4.3.0.tgz"
  integrity sha512-zbB9rCJAT1rbjiVDb2hqKFHNYLxgtk8NURxZ3IZwD3F6NtxbXZQCnnSi1Lkx+IDohdPlFp222wVALIheZJQSEg==
  dependencies:
    color-convert "^2.0.1"

argparse@^2.0.1:
  version "2.0.1"
  resolved "https://registry.npmjs.org/argparse/-/argparse-2.0.1.tgz"
  integrity sha512-8+9WqebbFzpX9OR+Wa6O29asIogeRMzcGtAINdpMHHyAg10f05aSFVBbcEqGf/PXw1EjAZ+q2/bEBg3DvurK3Q==

ast-types@^0.13.4:
  version "0.13.4"
  resolved "https://registry.npmjs.org/ast-types/-/ast-types-0.13.4.tgz"
  integrity sha512-x1FCFnFifvYDDzTaLII71vG5uvDwgtmDTEVWAxrgeiR8VjMONcCXJx7E+USjDtHlwFmt9MysbqgF9b9Vjr6w+w==
  dependencies:
    tslib "^2.0.1"

axe-core@~4.10.3:
  version "4.10.3"
  resolved "https://registry.npmjs.org/axe-core/-/axe-core-4.10.3.tgz"
  integrity sha512-Xm7bpRXnDSX2YE2YFfBk2FnF0ep6tmG7xPh8iHee8MIcrgq762Nkce856dYtJYLkuIoYZvGfTs/PbZhideTcEg==

b4a@^1.6.4:
  version "1.7.3"
  resolved "https://registry.npmjs.org/b4a/-/b4a-1.7.3.tgz"
  integrity sha512-5Q2mfq2WfGuFp3uS//0s6baOJLMoVduPYVeNmDYxu5OUA1/cBfvr2RIS7vi62LdNj/urk1hfmj867I3qt6uZ7Q==

bare-events@^2.5.4, bare-events@^2.7.0:
  version "2.8.2"
  resolved "https://registry.npmjs.org/bare-events/-/bare-events-2.8.2.tgz"
  integrity sha512-riJjyv1/mHLIPX4RwiK+oW9/4c3TEUeORHKefKAKnZ5kyslbN+HXowtbaVEqt4IMUB7OXlfixcs6gsFeo/jhiQ==

bare-fs@^4.0.1:
  version "4.5.2"
  resolved "https://registry.npmjs.org/bare-fs/-/bare-fs-4.5.2.tgz"
  integrity sha512-veTnRzkb6aPHOvSKIOy60KzURfBdUflr5VReI+NSaPL6xf+XLdONQgZgpYvUuZLVQ8dCqxpBAudaOM1+KpAUxw==
  dependencies:
    bare-events "^2.5.4"
    bare-path "^3.0.0"
    bare-stream "^2.6.4"
    bare-url "^2.2.2"
    fast-fifo "^1.3.2"

bare-os@^3.0.1:
  version "3.6.2"
  resolved "https://registry.npmjs.org/bare-os/-/bare-os-3.6.2.tgz"
  integrity sha512-T+V1+1srU2qYNBmJCXZkUY5vQ0B4FSlL3QDROnKQYOqeiQR8UbjNHlPa+TIbM4cuidiN9GaTaOZgSEgsvPbh5A==

bare-path@^3.0.0:
  version "3.0.0"
  resolved "https://registry.npmjs.org/bare-path/-/bare-path-3.0.0.tgz"
  integrity sha512-tyfW2cQcB5NN8Saijrhqn0Zh7AnFNsnczRcuWODH0eYAXBsJ5gVxAUuNr7tsHSC6IZ77cA0SitzT+s47kot8Mw==
  dependencies:
    bare-os "^3.0.1"

bare-stream@^2.6.4:
  version "2.7.0"
  resolved "https://registry.npmjs.org/bare-stream/-/bare-stream-2.7.0.tgz"
  integrity sha512-oyXQNicV1y8nc2aKffH+BUHFRXmx6VrPzlnaEvMhram0nPBrKcEdcyBg5r08D0i8VxngHFAiVyn1QKXpSG0B8A==
  dependencies:
    streamx "^2.21.0"

bare-url@^2.2.2:
  version "2.3.2"
  resolved "https://registry.npmjs.org/bare-url/-/bare-url-2.3.2.tgz"
  integrity sha512-ZMq4gd9ngV5aTMa5p9+UfY0b3skwhHELaDkhEHetMdX0LRkW9kzaym4oo/Eh+Ghm0CCDuMTsRIGM/ytUc1ZYmw==
  dependencies:
    bare-path "^3.0.0"

basic-ftp@^5.0.2:
  version "5.0.5"
  resolved "https://registry.npmjs.org/basic-ftp/-/basic-ftp-5.0.5.tgz"
  integrity sha512-4Bcg1P8xhUuqcii/S0Z9wiHIrQVPMermM1any+MX5GeGD7faD3/msQUDGLol9wOcz4/jbg/WJnGqoJF6LiBdtg==

bfj@~9.1.2:
  version "9.1.2"
  resolved "https://registry.npmjs.org/bfj/-/bfj-9.1.2.tgz"
  integrity sha512-EetpSUewwznXQ7yRtxHCgE5RLZV718n9cOYXe5BlhYKuNs0UkidHaUOe6Jlgbf+viGTQeg8mYhm5Wr4c2AB3gA==
  dependencies:
    check-types "^11.2.3"
    hoopy "^0.1.4"
    jsonpath "^1.1.1"
    tryer "^1.0.1"

buffer-crc32@~0.2.3:
  version "0.2.13"
  resolved "https://registry.npmjs.org/buffer-crc32/-/buffer-crc32-0.2.13.tgz"
  integrity sha512-VO9Ht/+p3SN7SKWqcrgEzjGbRSJYTx+Q1pTQC0wrWqHx0vpJraQ6GtHx8tvcg1rlK1byhU5gccxgOgj7B0TDkQ==

buffer-equal-constant-time@^1.0.1:
  version "1.0.1"
  resolved "https://registry.npmjs.org/buffer-equal-constant-time/-/buffer-equal-constant-time-1.0.1.tgz"
  integrity sha512-zRpUiDwd/xk6ADqPMATG8vc9VPrkck7T07OIx0gnjmJAnHnTVXNQG3vfvWNuiZIkwu9KrKdA1iJKfsfTVxE6NA==

callsites@^3.0.0:
  version "3.1.0"
  resolved "https://registry.npmjs.org/callsites/-/callsites-3.1.0.tgz"
  integrity sha512-P8BjAsXvZS+VIDUI11hHCQEv74YT67YUi5JJFNWIqL235sBmjX4+qx9Muvls5ivyNENctx46xQLQ3aTuE7ssaQ==

check-types@^11.2.3:
  version "11.2.3"
  resolved "https://registry.npmjs.org/check-types/-/check-types-11.2.3.tgz"
  integrity sha512-+67P1GkJRaxQD6PKK0Et9DhwQB+vGg3PM5+aavopCpZT1lj9jeqfvpgTLAWErNj8qApkkmXlu/Ug74kmhagkXg==

chromium-bidi@11.0.0:
  version "11.0.0"
  resolved "https://registry.npmjs.org/chromium-bidi/-/chromium-bidi-11.0.0.tgz"
  integrity sha512-cM3DI+OOb89T3wO8cpPSro80Q9eKYJ7hGVXoGS3GkDPxnYSqiv+6xwpIf6XERyJ9Tdsl09hmNmY94BkgZdVekw==
  dependencies:
    mitt "^3.0.1"
    zod "^3.24.1"

cliui@^8.0.1:
  version "8.0.1"
  resolved "https://registry.npmjs.org/cliui/-/cliui-8.0.1.tgz"
  integrity sha512-BSeNnyus75C4//NQ9gQt1/csTXyo/8Sb+afLAkzAptFuMsod9HFokGNudZpi/oQV73hnVK+sR+5PVRMd+Dr7YQ==
  dependencies:
    string-width "^4.2.0"
    strip-ansi "^6.0.1"
    wrap-ansi "^7.0.0"

color-convert@^2.0.1:
  version "2.0.1"
  resolved "https://registry.npmjs.org/color-convert/-/color-convert-2.0.1.tgz"
  integrity sha512-RRECPsj7iu/xb5oKYcsFHSppFNnsj/52OVTRKb4zP5onXwVF3zVmmToNcOfGC+CRDpfK/U584fMg38ZHCaElKQ==
  dependencies:
    color-name "~1.1.4"

color-name@~1.1.4:
  version "1.1.4"
  resolved "https://registry.npmjs.org/color-name/-/color-name-1.1.4.tgz"
  integrity sha512-dOy+3AuW3a2wNbZHIuMZpTcgjGuLU/uBL/ubcZF9OXbDo8ff4O8yVp5Bf0efS8uEoYo5q4Fx7dY9OgQGXgAsQA==

commander@~13.1.0:
  version "13.1.0"
  resolved "https://registry.npmjs.org/commander/-/commander-13.1.0.tgz"
  integrity sha512-/rFeCpNJQbhSZjGVwO9RFV3xPqbnERS8MmIQzCtD/zl6gpJuV/bMLuN92oG3F7d8oDEHHRrujSXNUr8fpjntKw==

cosmiconfig@^9.0.0:
  version "9.0.0"
  resolved "https://registry.npmjs.org/cosmiconfig/-/cosmiconfig-9.0.0.tgz"
  integrity sha512-itvL5h8RETACmOTFc4UfIyB2RfEHi71Ax6E/PivVxq9NseKbOWpeyHEOIbmAw1rs8Ak0VursQNww7lf7YtUwzg==
  dependencies:
    env-paths "^2.2.1"
    import-fresh "^3.3.0"
    js-yaml "^4.1.0"
    parse-json "^5.2.0"

data-uri-to-buffer@^6.0.2:
  version "6.0.2"
  resolved "https://registry.npmjs.org/data-uri-to-buffer/-/data-uri-to-buffer-6.0.2.tgz"
  integrity sha512-7hvf7/GW8e86rW0ptuwS3OcBGDjIi6SZva7hCyWC0yYry2cOPmLIjXAUHI6DK2HsnwJd9ifmt57i8eV2n4YNpw==

debug@4, debug@^4.1.1, debug@^4.3.4, debug@^4.4.3:
  version "4.4.3"
  resolved "https://registry.npmjs.org/debug/-/debug-4.4.3.tgz"
  integrity sha512-RGwwWnwQvkVfavKVt22FGLw+xYSdzARwm0ru6DhTVA3umU5hZc28V3kO4stgYryrTlLpuvgI9GiijltAjNbcqA==
  dependencies:
    ms "^2.1.3"

deep-is@~0.1.3:
  version "0.1.4"
  resolved "https://registry.npmjs.org/deep-is/-/deep-is-0.1.4.tgz"
  integrity sha512-oIPzksmTg4/MriiaYGO+okXDT7ztn/w3Eptv/+gSIdMdKsJo0u4CfYNFJPy+4SKMuCqGw2wxnA+URMg3t8a/bQ==

degenerator@^5.0.0:
  version "5.0.1"
  resolved "https://registry.npmjs.org/degenerator/-/degenerator-5.0.1.tgz"
  integrity sha512-TllpMR/t0M5sqCXfj85i4XaAzxmS5tVA16dqvdkMwGmzI+dXLXnw3J+3Vdv7VKw+ThlTMboK6i9rnZ6Nntj5CQ==
  dependencies:
    ast-types "^0.13.4"
    escodegen "^2.1.0"
    esprima "^4.0.1"

devtools-protocol@0.0.1521046:
  version "0.0.1521046"
  resolved "https://registry.npmjs.org/devtools-protocol/-/devtools-protocol-0.0.1521046.tgz"
  integrity sha512-vhE6eymDQSKWUXwwA37NtTTVEzjtGVfDr3pRbsWEQ5onH/Snp2c+2xZHWJJawG/0hCCJLRGt4xVtEVUVILol4w==

dotenv@^17.2.3:
  version "17.2.3"
  resolved "https://registry.npmjs.org/dotenv/-/dotenv-17.2.3.tgz"
  integrity sha512-JVUnt+DUIzu87TABbhPmNfVdBDt18BLOWjMUFJMSi/Qqg7NTYtabbvSNJGOJ7afbRuv9D/lngizHtP7QyLQ+9w==

ecdsa-sig-formatter@1.0.11:
  version "1.0.11"
  resolved "https://registry.npmjs.org/ecdsa-sig-formatter/-/ecdsa-sig-formatter-1.0.11.tgz"
  integrity sha512-nagl3RYrbNv6kQkeJIpt6NJZy8twLB/2vtz6yN9Z4vRKHN4/QZJIEbqohALSgwKdnksuY3k5Addp5lg8sVoVcQ==
  dependencies:
    safe-buffer "^5.0.1"

emoji-regex@^8.0.0:
  version "8.0.0"
  resolved "https://registry.npmjs.org/emoji-regex/-/emoji-regex-8.0.0.tgz"
  integrity sha512-MSjYzcWNOA0ewAHpz0MxpYFvwg6yjy1NG3xteoqz644VCo/RPgnr1/GGt+ic3iJTzQ8Eu3TdM14SawnVUmGE6A==

end-of-stream@^1.1.0:
  version "1.4.5"
  resolved "https://registry.npmjs.org/end-of-stream/-/end-of-stream-1.4.5.tgz"
  integrity sha512-ooEGc6HP26xXq/N+GCGOT0JKCLDGrq2bQUZrQ7gyrJiZANJ/8YDTxTpQBXGMn+WbIQXNVpyWymm7KYVICQnyOg==
  dependencies:
    once "^1.4.0"

env-paths@^2.2.1:
  version "2.2.1"
  resolved "https://registry.npmjs.org/env-paths/-/env-paths-2.2.1.tgz"
  integrity sha512-+h1lkLKhZMTYjog1VEpJNG7NZJWcuc2DDk/qsqSTRRCOXiLjeQ1d1/udrUGhqMxUgAlwKNZ0cf2uqan5GLuS2A==

envinfo@~7.14.0:
  version "7.14.0"
  resolved "https://registry.npmjs.org/envinfo/-/envinfo-7.14.0.tgz"
  integrity sha512-CO40UI41xDQzhLB1hWyqUKgFhs250pNcGbyGKe1l/e4FSaI/+YE4IMG76GDt0In67WLPACIITC+sOi08x4wIvg==

error-ex@^1.3.1:
  version "1.3.4"
  resolved "https://registry.npmjs.org/error-ex/-/error-ex-1.3.4.tgz"
  integrity sha512-sqQamAnR14VgCr1A618A3sGrygcpK+HEbenA/HiEAkkUwcZIIB/tgWqHFxWgOyDh4nB4JCRimh79dR5Ywc9MDQ==
  dependencies:
    is-arrayish "^0.2.1"

escalade@^3.1.1:
  version "3.2.0"
  resolved "https://registry.npmjs.org/escalade/-/escalade-3.2.0.tgz"
  integrity sha512-WUj2qlxaQtO4g6Pq5c29GTcWGDyd8itL8zTlipgECz3JesAiiOKotd8JU6otB3PACgG6xkJUyVhboMS+bje/jA==

escodegen@^1.8.1:
  version "1.14.3"
  resolved "https://registry.npmjs.org/escodegen/-/escodegen-1.14.3.tgz"
  integrity sha512-qFcX0XJkdg+PB3xjZZG/wKSuT1PnQWx57+TVSjIMmILd2yC/6ByYElPwJnslDsuWuSAp4AwJGumarAAmJch5Kw==
  dependencies:
    esprima "^4.0.1"
    estraverse "^4.2.0"
    esutils "^2.0.2"
    optionator "^0.8.1"
  optionalDependencies:
    source-map "~0.6.1"

escodegen@^2.1.0:
  version "2.1.0"
  resolved "https://registry.npmjs.org/escodegen/-/escodegen-2.1.0.tgz"
  integrity sha512-2NlIDTwUWJN0mRPQOdtQBzbUHvdGY2P1VXSyU83Q3xKxM7WHX2Ql8dKq782Q9TgQUNOLEzEYu9bzLNj1q88I5w==
  dependencies:
    esprima "^4.0.1"
    estraverse "^5.2.0"
    esutils "^2.0.2"
  optionalDependencies:
    source-map "~0.6.1"

esprima@1.2.2:
  version "1.2.2"
  resolved "https://registry.npmjs.org/esprima/-/esprima-1.2.2.tgz"
  integrity sha512-+JpPZam9w5DuJ3Q67SqsMGtiHKENSMRVoxvArfJZK01/BfLEObtZ6orJa/MtoGNR/rfMgp5837T41PAmTwAv/A==

esprima@^4.0.1:
  version "4.0.1"
  resolved "https://registry.npmjs.org/esprima/-/esprima-4.0.1.tgz"
  integrity sha512-eGuFFw7Upda+g4p+QHvnW0RyTX/SVeJBDM/gCtMARO0cLuT2HcEKnTPvhjV6aGeqrCB/sbNop0Kszm0jsaWU4A==

estraverse@^4.2.0:
  version "4.3.0"
  resolved "https://registry.npmjs.org/estraverse/-/estraverse-4.3.0.tgz"
  integrity sha512-39nnKffWz8xN1BU/2c79n9nB9HDzo0niYUqx6xyqUnyoAnQyyWpOTdZEeiCch8BBu515t4wp9ZmgVfVhn9EBpw==

estraverse@^5.2.0:
  version "5.3.0"
  resolved "https://registry.npmjs.org/estraverse/-/estraverse-5.3.0.tgz"
  integrity sha512-MMdARuVEQziNTeJD8DgMqmhwR11BRQ/cBP+pLtYdSTnf3MIO8fFeiINEbX36ZdNlfU/7A9f3gUw49B3oQsvwBA==

esutils@^2.0.2:
  version "2.0.3"
  resolved "https://registry.npmjs.org/esutils/-/esutils-2.0.3.tgz"
  integrity sha512-kVscqXk4OCp68SZ0dkgEKVi6/8ij300KBWTJq32P/dYeWTSwK41WyTxalN1eRmA5Z9UU/LX9D7FWSmV9SAYx6g==

events-universal@^1.0.0:
  version "1.0.1"
  resolved "https://registry.npmjs.org/events-universal/-/events-universal-1.0.1.tgz"
  integrity sha512-LUd5euvbMLpwOF8m6ivPCbhQeSiYVNb8Vs0fQ8QjXo0JTkEHpz8pxdQf0gStltaPpw0Cca8b39KxvK9cfKRiAw==
  dependencies:
    bare-events "^2.7.0"

extract-zip@^2.0.1:
  version "2.0.1"
  resolved "https://registry.npmjs.org/extract-zip/-/extract-zip-2.0.1.tgz"
  integrity sha512-GDhU9ntwuKyGXdZBUgTIe+vXnWj0fppUEtMDL0+idd5Sta8TGpHssn/eusA9mrPr9qNDym6SxAYZjNvCn/9RBg==
  dependencies:
    debug "^4.1.1"
    get-stream "^5.1.0"
    yauzl "^2.10.0"
  optionalDependencies:
    "@types/yauzl" "^2.9.1"

fast-fifo@^1.2.0, fast-fifo@^1.3.2:
  version "1.3.2"
  resolved "https://registry.npmjs.org/fast-fifo/-/fast-fifo-1.3.2.tgz"
  integrity sha512-/d9sfos4yxzpwkDkuN7k2SqFKtYNmCTzgfEpz82x34IM9/zc8KGxQoXg1liNC/izpRM/MBdt44Nmx41ZWqk+FQ==

fast-levenshtein@~2.0.6:
  version "2.0.6"
  resolved "https://registry.npmjs.org/fast-levenshtein/-/fast-levenshtein-2.0.6.tgz"
  integrity sha512-DCXu6Ifhqcks7TZKY3Hxp3y6qphY5SJZmrWMDrKcERSOXWQdMhU9Ig/PYrzyw/ul9jOIyh0N4M0tbC5hodg8dw==

fd-slicer@~1.1.0:
  version "1.1.0"
  resolved "https://registry.npmjs.org/fd-slicer/-/fd-slicer-1.1.0.tgz"
  integrity sha512-cE1qsB/VwyQozZ+q1dGxR8LBYNZeofhEdUNGSMbQD3Gw2lAzX9Zb3uIU6Ebc/Fmyjo9AWWfnn0AUCHqtevs/8g==
  dependencies:
    pend "~1.2.0"

fsevents@2.3.2:
  version "2.3.2"
  resolved "https://registry.npmjs.org/fsevents/-/fsevents-2.3.2.tgz"
  integrity sha512-xiqMQR4xAeHTuB9uWm+fFRcIOgKBMiOBP+eXiyT7jsgVCq1bkVygt00oASowB7EdtpOHaaPgKt812P9ab+DDKA==

function-bind@^1.1.2:
  version "1.1.2"
  resolved "https://registry.npmjs.org/function-bind/-/function-bind-1.1.2.tgz"
  integrity sha512-7XHNxH7qX9xG5mIwxkhumTox/MIRNcOgDrxWsMt2pAr23WHp6MrRlN7FBSFpCpr+oVO0F744iUgR82nJMfG2SA==

get-caller-file@^2.0.5:
  version "2.0.5"
  resolved "https://registry.npmjs.org/get-caller-file/-/get-caller-file-2.0.5.tgz"
  integrity sha512-DyFP3BM/3YHTQOCUL/w0OZHR0lpKeGrxotcHWcqNEdnltqFwXVfhEBQ94eIo34AfQpo0rGki4cyIiftY06h2Fg==

get-stream@^5.1.0:
  version "5.2.0"
  resolved "https://registry.npmjs.org/get-stream/-/get-stream-5.2.0.tgz"
  integrity sha512-nBF+F1rAZVCu/p7rjzgA+Yb4lfYXrpl7a6VmJrU8wF9I1CKvP/QwPNZHnOlwbTkY6dvtFIzFMSyQXbLoTQPRpA==
  dependencies:
    pump "^3.0.0"

get-uri@^6.0.1:
  version "6.0.5"
  resolved "https://registry.npmjs.org/get-uri/-/get-uri-6.0.5.tgz"
  integrity sha512-b1O07XYq8eRuVzBNgJLstU6FYc1tS6wnMtF1I1D9lE8LxZSOGZ7LhxN54yPP6mGw5f2CkXY2BQUL9Fx41qvcIg==
  dependencies:
    basic-ftp "^5.0.2"
    data-uri-to-buffer "^6.0.2"
    debug "^4.3.4"

hasown@^2.0.0:
  version "2.0.2"
  resolved "https://registry.npmjs.org/hasown/-/hasown-2.0.2.tgz"
  integrity sha512-0hJU9SCPvmMzIBdZFqNPXWa6dqh7WdH0cII9y+CyS8rG3nL48Bclra9HmKhVVUHyPWNH5Y7xDwAB7bfgSjkUMQ==
  dependencies:
    function-bind "^1.1.2"

hoopy@^0.1.4:
  version "0.1.4"
  resolved "https://registry.npmjs.org/hoopy/-/hoopy-0.1.4.tgz"
  integrity sha512-HRcs+2mr52W0K+x8RzcLzuPPmVIKMSv97RGHy0Ea9y/mpcaK+xTrjICA04KAHi4GRzxliNqNJEFYWHghy3rSfQ==

html_codesniffer@~2.5.1:
  version "2.5.1"
  resolved "https://registry.npmjs.org/html_codesniffer/-/html_codesniffer-2.5.1.tgz"
  integrity sha512-vcz0yAaX/OaV6sdNHuT9alBOKkSxYb8h5Yq26dUqgi7XmCgGUSa7U9PiY1PBXQFMjKv1wVPs5/QzHlGuxPDUGg==

http-proxy-agent@^7.0.0, http-proxy-agent@^7.0.1:
  version "7.0.2"
  resolved "https://registry.npmjs.org/http-proxy-agent/-/http-proxy-agent-7.0.2.tgz"
  integrity sha512-T1gkAiYYDWYx3V5Bmyu7HcfcvL7mUrTWiM6yOfa3PIphViJ/gFPbvidQ+veqSOHci/PxBcDabeUNCzpOODJZig==
  dependencies:
    agent-base "^7.1.0"
    debug "^4.3.4"

https-proxy-agent@^7.0.6:
  version "7.0.6"
  resolved "https://registry.npmjs.org/https-proxy-agent/-/https-proxy-agent-7.0.6.tgz"
  integrity sha512-vK9P5/iUfdl95AI+JVyUuIcVtd4ofvtrOr3HNtM2yxC9bnMbEdp3x01OhQNnjb8IJYi38VlTE3mBXwcfvywuSw==
  dependencies:
    agent-base "^7.1.2"
    debug "4"

import-fresh@^3.3.0:
  version "3.3.1"
  resolved "https://registry.npmjs.org/import-fresh/-/import-fresh-3.3.1.tgz"
  integrity sha512-TR3KfrTZTYLPB6jUjfx6MF9WcWrHL9su5TObK4ZkYgBdWKPOFoSoQIdEuTuR82pmtxH2spWG9h6etwfr1pLBqQ==
  dependencies:
    parent-module "^1.0.0"
    resolve-from "^4.0.0"

ip-address@^10.0.1:
  version "10.1.0"
  resolved "https://registry.npmjs.org/ip-address/-/ip-address-10.1.0.tgz"
  integrity sha512-XXADHxXmvT9+CRxhXg56LJovE+bmWnEWB78LB83VZTprKTmaC5QfruXocxzTZ2Kl0DNwKuBdlIhjL8LeY8Sf8Q==

is-arrayish@^0.2.1:
  version "0.2.1"
  resolved "https://registry.npmjs.org/is-arrayish/-/is-arrayish-0.2.1.tgz"
  integrity sha512-zz06S8t0ozoDXMG+ube26zeCTNXcKIPJZJi8hBrF4idCLms4CG9QtK7qBl1boi5ODzFpjswb5JPmHCbMpjaYzg==

is-fullwidth-code-point@^3.0.0:
  version "3.0.0"
  resolved "https://registry.npmjs.org/is-fullwidth-code-point/-/is-fullwidth-code-point-3.0.0.tgz"
  integrity sha512-zymm5+u+sCsSWyD9qNaejV3DFvhCKclKdizYaJUuHA83RLjb7nSuGnddCHGv0hk+KY7BMAlsWeK4Ueg6EV6XQg==

is@^3.3.0:
  version "3.3.2"
  resolved "https://registry.npmjs.org/is/-/is-3.3.2.tgz"
  integrity sha512-a2xr4E3s1PjDS8ORcGgXpWx6V+liNs+O3JRD2mb9aeugD7rtkkZ0zgLdYgw0tWsKhsdiezGYptSiMlVazCBTuQ==

js-tokens@^4.0.0:
  version "4.0.0"
  resolved "https://registry.npmjs.org/js-tokens/-/js-tokens-4.0.0.tgz"
  integrity sha512-RdJUflcE3cUzKiMqQgsCu06FPu9UdIJO0beYbPhHN4k6apgJtifcoCtT9bcxOpYBtpD2kCM6Sbzg4CausW/PKQ==

js-yaml@^4.1.0:
  version "4.1.1"
  resolved "https://registry.npmjs.org/js-yaml/-/js-yaml-4.1.1.tgz"
  integrity sha512-qQKT4zQxXl8lLwBtHMWwaTcGfFOZviOJet3Oy/xmGk2gZH677CJM9EvtfdSkgWcATZhj/55JZ0rmy3myCT5lsA==
  dependencies:
    argparse "^2.0.1"

json-parse-even-better-errors@^2.3.0:
  version "2.3.1"
  resolved "https://registry.npmjs.org/json-parse-even-better-errors/-/json-parse-even-better-errors-2.3.1.tgz"
  integrity sha512-xyFwyhro/JEof6Ghe2iz2NcXoj2sloNsWr/XsERDK/oiPCfaNhl5ONfp+jQdAZRQQ0IJWNzH9zIZF7li91kh2w==

jsonpath@^1.1.1:
  version "1.1.1"
  resolved "https://registry.npmjs.org/jsonpath/-/jsonpath-1.1.1.tgz"
  integrity sha512-l6Cg7jRpixfbgoWgkrl77dgEj8RPvND0wMH6TwQmi9Qs4TFfS9u5cUFnbeKTwj5ga5Y3BTGGNI28k117LJ009w==
  dependencies:
    esprima "1.2.2"
    static-eval "2.0.2"
    underscore "1.12.1"

jsonwebtoken@^9.0.2:
  version "9.0.2"
  resolved "https://registry.npmjs.org/jsonwebtoken/-/jsonwebtoken-9.0.2.tgz"
  integrity sha512-PRp66vJ865SSqOlgqS8hujT5U4AOgMfhrwYIuIhfKaoSCZcirrmASQr8CX7cUg+RMih+hgznrjp99o+W4pJLHQ==
  dependencies:
    jws "^3.2.2"
    lodash.includes "^4.3.0"
    lodash.isboolean "^3.0.3"
    lodash.isinteger "^4.0.4"
    lodash.isnumber "^3.0.3"
    lodash.isplainobject "^4.0.6"
    lodash.isstring "^4.0.1"
    lodash.once "^4.0.0"
    ms "^2.1.1"
    semver "^7.5.4"

jwa@^1.4.1:
  version "1.4.2"
  resolved "https://registry.npmjs.org/jwa/-/jwa-1.4.2.tgz"
  integrity sha512-eeH5JO+21J78qMvTIDdBXidBd6nG2kZjg5Ohz/1fpa28Z4CcsWUzJ1ZZyFq/3z3N17aZy+ZuBoHljASbL1WfOw==
  dependencies:
    buffer-equal-constant-time "^1.0.1"
    ecdsa-sig-formatter "1.0.11"
    safe-buffer "^5.0.1"

jws@^3.2.2:
  version "3.2.2"
  resolved "https://registry.npmjs.org/jws/-/jws-3.2.2.tgz"
  integrity sha512-YHlZCB6lMTllWDtSPHz/ZXTsi8S00usEV6v1tjq8tOUZzw7DpSDWVXjXDre6ed1w/pd495ODpHZYSdkRTsa0HA==
  dependencies:
    jwa "^1.4.1"
    safe-buffer "^5.0.1"

kleur@~4.1.5:
  version "4.1.5"
  resolved "https://registry.npmjs.org/kleur/-/kleur-4.1.5.tgz"
  integrity sha512-o+NO+8WrRiQEE4/7nwRJhN1HWpVmJm511pBHUxPLtp0BUISzlBplORYSmTclCnJvQq2tKu/sgl3xVpkc7ZWuQQ==

levn@~0.3.0:
  version "0.3.0"
  resolved "https://registry.npmjs.org/levn/-/levn-0.3.0.tgz"
  integrity sha512-0OO4y2iOHix2W6ujICbKIaEQXvFQHue65vUG3pb5EUomzPI90z9hsA1VsO/dbIIpC53J8gxM9Q4Oho0jrCM/yA==
  dependencies:
    prelude-ls "~1.1.2"
    type-check "~0.3.2"

lines-and-columns@^1.1.6:
  version "1.2.4"
  resolved "https://registry.npmjs.org/lines-and-columns/-/lines-and-columns-1.2.4.tgz"
  integrity sha512-7ylylesZQ/PV29jhEDl3Ufjo6ZX7gCqJr5F7PKrqc93v7fzSymt1BpwEU8nAUXs8qzzvqhbjhK5QZg6Mt/HkBg==

lodash.includes@^4.3.0:
  version "4.3.0"
  resolved "https://registry.npmjs.org/lodash.includes/-/lodash.includes-4.3.0.tgz"
  integrity sha512-W3Bx6mdkRTGtlJISOvVD/lbqjTlPPUDTMnlXZFnVwi9NKJ6tiAk6LVdlhZMm17VZisqhKcgzpO5Wz91PCt5b0w==

lodash.isboolean@^3.0.3:
  version "3.0.3"
  resolved "https://registry.npmjs.org/lodash.isboolean/-/lodash.isboolean-3.0.3.tgz"
  integrity sha512-Bz5mupy2SVbPHURB98VAcw+aHh4vRV5IPNhILUCsOzRmsTmSQ17jIuqopAentWoehktxGd9e/hbIXq980/1QJg==

lodash.isinteger@^4.0.4:
  version "4.0.4"
  resolved "https://registry.npmjs.org/lodash.isinteger/-/lodash.isinteger-4.0.4.tgz"
  integrity sha512-DBwtEWN2caHQ9/imiNeEA5ys1JoRtRfY3d7V9wkqtbycnAmTvRRmbHKDV4a0EYc678/dia0jrte4tjYwVBaZUA==

lodash.isnumber@^3.0.3:
  version "3.0.3"
  resolved "https://registry.npmjs.org/lodash.isnumber/-/lodash.isnumber-3.0.3.tgz"
  integrity sha512-QYqzpfwO3/CWf3XP+Z+tkQsfaLL/EnUlXWVkIk5FUPc4sBdTehEqZONuyRt2P67PXAk+NXmTBcc97zw9t1FQrw==

lodash.isplainobject@^4.0.6:
  version "4.0.6"
  resolved "https://registry.npmjs.org/lodash.isplainobject/-/lodash.isplainobject-4.0.6.tgz"
  integrity sha512-oSXzaWypCMHkPC3NvBEaPHf0KsA5mvPrOPgQWDsbg8n7orZ290M0BmC/jgRZ4vcJ6DTAhjrsSYgdsW/F+MFOBA==

lodash.isstring@^4.0.1:
  version "4.0.1"
  resolved "https://registry.npmjs.org/lodash.isstring/-/lodash.isstring-4.0.1.tgz"
  integrity sha512-0wJxfxH1wgO3GrbuP+dTTk7op+6L41QCXbGINEmD+ny/G/eCqGzxyCsh7159S+mgDDcoarnBw6PC1PS5+wUGgw==

lodash.once@^4.0.0:
  version "4.1.1"
  resolved "https://registry.npmjs.org/lodash.once/-/lodash.once-4.1.1.tgz"
  integrity sha512-Sb487aTOCr9drQVL8pIxOzVhafOjZN9UU54hiN8PU3uAiSV7lx1yYNpbNmex2PK6dSJoNTSJUUswT651yww3Mg==

lru-cache@^7.14.1:
  version "7.18.3"
  resolved "https://registry.npmjs.org/lru-cache/-/lru-cache-7.18.3.tgz"
  integrity sha512-jumlc0BIUrS3qJGgIkWZsyfAM7NCWiBcCDhnd+3NNM5KbBmLTgHVfWBcg6W+rLUsIpzpERPsvwUP7CckAQSOoA==

mitt@^3.0.1:
  version "3.0.1"
  resolved "https://registry.npmjs.org/mitt/-/mitt-3.0.1.tgz"
  integrity sha512-vKivATfr97l2/QBCYAkXYDbrIWPM2IIKEl7YPhjCvKlG3kE2gm+uBo6nEXK3M5/Ffh/FLpKExzOQ3JJoJGFKBw==

ms@^2.1.1, ms@^2.1.3:
  version "2.1.3"
  resolved "https://registry.npmjs.org/ms/-/ms-2.1.3.tgz"
  integrity sha512-6FlzubTLZG3J2a/NVCAleEhjzq5oxgHyaCU9yYXvcLsvoVaHJq/s5xXI6/XXP6tz7R9xAOtHnSO/tXtF3WRTlA==

mustache@~4.2.0:
  version "4.2.0"
  resolved "https://registry.npmjs.org/mustache/-/mustache-4.2.0.tgz"
  integrity sha512-71ippSywq5Yb7/tVYyGbkBggbU8H3u5Rz56fH60jGFgr8uHwxs+aSKeqmluIVzM0m0kB7xQjKS6qPfd0b2ZoqQ==

netmask@^2.0.2:
  version "2.0.2"
  resolved "https://registry.npmjs.org/netmask/-/netmask-2.0.2.tgz"
  integrity sha512-dBpDMdxv9Irdq66304OLfEmQ9tbNRFnFTuZiLo+bD+r332bBmMJ8GBLXklIXXgxd3+v9+KUnZaUR5PJMa75Gsg==

node.extend@~2.0.3:
  version "2.0.3"
  resolved "https://registry.npmjs.org/node.extend/-/node.extend-2.0.3.tgz"
  integrity sha512-xwADg/okH48PvBmRZyoX8i8GJaKuJ1CqlqotlZOhUio8egD1P5trJupHKBzcPjSF9ifK2gPcEICRBnkfPqQXZw==
  dependencies:
    hasown "^2.0.0"
    is "^3.3.0"

once@^1.3.1, once@^1.4.0:
  version "1.4.0"
  resolved "https://registry.npmjs.org/once/-/once-1.4.0.tgz"
  integrity sha512-lNaJgI+2Q5URQBkccEKHTQOPaXdUxnZZElQTZY0MFUAuaEqe1E+Nyvgdz/aIyNi6Z9MzO5dv1H8n58/GELp3+w==
  dependencies:
    wrappy "1"

optionator@^0.8.1:
  version "0.8.3"
  resolved "https://registry.npmjs.org/optionator/-/optionator-0.8.3.tgz"
  integrity sha512-+IW9pACdk3XWmmTXG8m3upGUJst5XRGzxMRjXzAuJ1XnIFNvfhjjIuYkDvysnPQ7qzqVzLt78BCruntqRhWQbA==
  dependencies:
    deep-is "~0.1.3"
    fast-levenshtein "~2.0.6"
    levn "~0.3.0"
    prelude-ls "~1.1.2"
    type-check "~0.3.2"
    word-wrap "~1.2.3"

pa11y@^9.0.1:
  version "9.0.1"
  resolved "https://registry.npmjs.org/pa11y/-/pa11y-9.0.1.tgz"
  integrity sha512-S0UReAkHQuGsjVDUNUKPREms3IyR/Dfrk6U2HMrjQ71LIdADmDJXrDOBOD05UroCn8Ns9jg2NgZeFuLj50Sl4w==
  dependencies:
    axe-core "~4.10.3"
    bfj "~9.1.2"
    commander "~13.1.0"
    envinfo "~7.14.0"
    html_codesniffer "~2.5.1"
    kleur "~4.1.5"
    mustache "~4.2.0"
    node.extend "~2.0.3"
    puppeteer "^24.7.2"
    semver "~7.7.1"

pac-proxy-agent@^7.1.0:
  version "7.2.0"
  resolved "https://registry.npmjs.org/pac-proxy-agent/-/pac-proxy-agent-7.2.0.tgz"
  integrity sha512-TEB8ESquiLMc0lV8vcd5Ql/JAKAoyzHFXaStwjkzpOpC5Yv+pIzLfHvjTSdf3vpa2bMiUQrg9i6276yn8666aA==
  dependencies:
    "@tootallnate/quickjs-emscripten" "^0.23.0"
    agent-base "^7.1.2"
    debug "^4.3.4"
    get-uri "^6.0.1"
    http-proxy-agent "^7.0.0"
    https-proxy-agent "^7.0.6"
    pac-resolver "^7.0.1"
    socks-proxy-agent "^8.0.5"

pac-resolver@^7.0.1:
  version "7.0.1"
  resolved "https://registry.npmjs.org/pac-resolver/-/pac-resolver-7.0.1.tgz"
  integrity sha512-5NPgf87AT2STgwa2ntRMr45jTKrYBGkVU36yT0ig/n/GMAa3oPqhZfIQ2kMEimReg0+t9kZViDVZ83qfVUlckg==
  dependencies:
    degenerator "^5.0.0"
    netmask "^2.0.2"

parent-module@^1.0.0:
  version "1.0.1"
  resolved "https://registry.npmjs.org/parent-module/-/parent-module-1.0.1.tgz"
  integrity sha512-GQ2EWRpQV8/o+Aw8YqtfZZPfNRWZYkbidE9k5rpl/hC3vtHHBfGm2Ifi6qWV+coDGkrUKZAxE3Lot5kcsRlh+g==
  dependencies:
    callsites "^3.0.0"

parse-json@^5.2.0:
  version "5.2.0"
  resolved "https://registry.npmjs.org/parse-json/-/parse-json-5.2.0.tgz"
  integrity sha512-ayCKvm/phCGxOkYRSCM82iDwct8/EonSEgCSxWxD7ve6jHggsFl4fZVQBPRNgQoKiuV/odhFrGzQXZwbifC8Rg==
  dependencies:
    "@babel/code-frame" "^7.0.0"
    error-ex "^1.3.1"
    json-parse-even-better-errors "^2.3.0"
    lines-and-columns "^1.1.6"

pend@~1.2.0:
  version "1.2.0"
  resolved "https://registry.npmjs.org/pend/-/pend-1.2.0.tgz"
  integrity sha512-F3asv42UuXchdzt+xXqfW1OGlVBe+mxa2mqI0pg5yAHZPvFmY3Y6drSf/GQ1A86WgWEN9Kzh/WrgKa6iGcHXLg==

picocolors@^1.1.1:
  version "1.1.1"
  resolved "https://registry.npmjs.org/picocolors/-/picocolors-1.1.1.tgz"
  integrity sha512-xceH2snhtb5M9liqDsmEw56le376mTZkEX/jEb/RxNFyegNul7eNslCXP9FDj/Lcu0X8KEyMceP2ntpaHrDEVA==

playwright-core@1.56.0:
  version "1.56.0"
  resolved "https://registry.npmjs.org/playwright-core/-/playwright-core-1.56.0.tgz"
  integrity sha512-1SXl7pMfemAMSDn5rkPeZljxOCYAmQnYLBTExuh6E8USHXGSX3dx6lYZN/xPpTz1vimXmPA9CDnILvmJaB8aSQ==

playwright@1.56.0:
  version "1.56.0"
  resolved "https://registry.npmjs.org/playwright/-/playwright-1.56.0.tgz"
  integrity sha512-X5Q1b8lOdWIE4KAoHpW3SE8HvUB+ZZsUoN64ZhjnN8dOb1UpujxBtENGiZFE+9F/yhzJwYa+ca3u43FeLbboHA==
  dependencies:
    playwright-core "1.56.0"
  optionalDependencies:
    fsevents "2.3.2"

prelude-ls@~1.1.2:
  version "1.1.2"
  resolved "https://registry.npmjs.org/prelude-ls/-/prelude-ls-1.1.2.tgz"
  integrity sha512-ESF23V4SKG6lVSGZgYNpbsiaAkdab6ZgOxe52p7+Kid3W3u3bxR4Vfd/o21dmN7jSt0IwgZ4v5MUd26FEtXE9w==

progress@^2.0.3:
  version "2.0.3"
  resolved "https://registry.npmjs.org/progress/-/progress-2.0.3.tgz"
  integrity sha512-7PiHtLll5LdnKIMw100I+8xJXR5gW2QwWYkT6iJva0bXitZKa/XMrSbdmg3r2Xnaidz9Qumd0VPaMrZlF9V9sA==

proxy-agent@^6.5.0:
  version "6.5.0"
  resolved "https://registry.npmjs.org/proxy-agent/-/proxy-agent-6.5.0.tgz"
  integrity sha512-TmatMXdr2KlRiA2CyDu8GqR8EjahTG3aY3nXjdzFyoZbmB8hrBsTyMezhULIXKnC0jpfjlmiZ3+EaCzoInSu/A==
  dependencies:
    agent-base "^7.1.2"
    debug "^4.3.4"
    http-proxy-agent "^7.0.1"
    https-proxy-agent "^7.0.6"
    lru-cache "^7.14.1"
    pac-proxy-agent "^7.1.0"
    proxy-from-env "^1.1.0"
    socks-proxy-agent "^8.0.5"

proxy-from-env@^1.1.0:
  version "1.1.0"
  resolved "https://registry.npmjs.org/proxy-from-env/-/proxy-from-env-1.1.0.tgz"
  integrity sha512-D+zkORCbA9f1tdWRK0RaCR3GPv50cMxcrz4X8k5LTSUD1Dkw47mKJEZQNunItRTkWwgtaUSo1RVFRIG9ZXiFYg==

pump@^3.0.0:
  version "3.0.3"
  resolved "https://registry.npmjs.org/pump/-/pump-3.0.3.tgz"
  integrity sha512-todwxLMY7/heScKmntwQG8CXVkWUOdYxIvY2s0VWAAMh/nd8SoYiRaKjlr7+iCs984f2P8zvrfWcDDYVb73NfA==
  dependencies:
    end-of-stream "^1.1.0"
    once "^1.3.1"

puppeteer-core@24.31.0:
  version "24.31.0"
  resolved "https://registry.npmjs.org/puppeteer-core/-/puppeteer-core-24.31.0.tgz"
  integrity sha512-pnAohhSZipWQoFpXuGV7xCZfaGhqcBR9C4pVrU0QSrcMi7tQMH9J9lDBqBvyMAHQqe8HCARuREqFuVKRQOgTvg==
  dependencies:
    "@puppeteer/browsers" "2.10.13"
    chromium-bidi "11.0.0"
    debug "^4.4.3"
    devtools-protocol "0.0.1521046"
    typed-query-selector "^2.12.0"
    webdriver-bidi-protocol "0.3.9"
    ws "^8.18.3"

puppeteer@^24.31.0, puppeteer@^24.7.2:
  version "24.31.0"
  resolved "https://registry.npmjs.org/puppeteer/-/puppeteer-24.31.0.tgz"
  integrity sha512-q8y5yLxLD8xdZdzNWqdOL43NbfvUOp60SYhaLZQwHC9CdKldxQKXOyJAciOr7oUJfyAH/KgB2wKvqT2sFKoVXA==
  dependencies:
    "@puppeteer/browsers" "2.10.13"
    chromium-bidi "11.0.0"
    cosmiconfig "^9.0.0"
    devtools-protocol "0.0.1521046"
    puppeteer-core "24.31.0"
    typed-query-selector "^2.12.0"

require-directory@^2.1.1:
  version "2.1.1"
  resolved "https://registry.npmjs.org/require-directory/-/require-directory-2.1.1.tgz"
  integrity sha512-fGxEI7+wsG9xrvdjsrlmL22OMTTiHRwAMroiEeMgq8gzoLC/PQr7RsRDSTLUg/bZAZtF+TVIkHc6/4RIKrui+Q==

resolve-from@^4.0.0:
  version "4.0.0"
  resolved "https://registry.npmjs.org/resolve-from/-/resolve-from-4.0.0.tgz"
  integrity sha512-pb/MYmXstAkysRFx8piNI1tGFNQIFA3vkE3Gq4EuA1dF6gHp/+vgZqsCGJapvy8N3Q+4o7FwvquPJcnZ7RYy4g==

safe-buffer@^5.0.1:
  version "5.2.1"
  resolved "https://registry.npmjs.org/safe-buffer/-/safe-buffer-5.2.1.tgz"
  integrity sha512-rp3So07KcdmmKbGvgaNxQSJr7bGVSVk5S9Eq1F+ppbRo70+YeaDxkw5Dd8NPN+GD6bjnYm2VuPuCXmpuYvmCXQ==

semver@^7.5.4, semver@^7.7.3, semver@~7.7.1:
  version "7.7.3"
  resolved "https://registry.npmjs.org/semver/-/semver-7.7.3.tgz"
  integrity sha512-SdsKMrI9TdgjdweUSR9MweHA4EJ8YxHn8DFaDisvhVlUOe4BF1tLD7GAj0lIqWVl+dPb/rExr0Btby5loQm20Q==

smart-buffer@^4.2.0:
  version "4.2.0"
  resolved "https://registry.npmjs.org/smart-buffer/-/smart-buffer-4.2.0.tgz"
  integrity sha512-94hK0Hh8rPqQl2xXc3HsaBoOXKV20MToPkcXvwbISWLEs+64sBq5kFgn2kJDHb1Pry9yrP0dxrCI9RRci7RXKg==

socks-proxy-agent@^8.0.5:
  version "8.0.5"
  resolved "https://registry.npmjs.org/socks-proxy-agent/-/socks-proxy-agent-8.0.5.tgz"
  integrity sha512-HehCEsotFqbPW9sJ8WVYB6UbmIMv7kUUORIF2Nncq4VQvBfNBLibW9YZR5dlYCSUhwcD628pRllm7n+E+YTzJw==
  dependencies:
    agent-base "^7.1.2"
    debug "^4.3.4"
    socks "^2.8.3"

socks@^2.8.3:
  version "2.8.7"
  resolved "https://registry.npmjs.org/socks/-/socks-2.8.7.tgz"
  integrity sha512-HLpt+uLy/pxB+bum/9DzAgiKS8CX1EvbWxI4zlmgGCExImLdiad2iCwXT5Z4c9c3Eq8rP2318mPW2c+QbtjK8A==
  dependencies:
    ip-address "^10.0.1"
    smart-buffer "^4.2.0"

source-map@~0.6.1:
  version "0.6.1"
  resolved "https://registry.npmjs.org/source-map/-/source-map-0.6.1.tgz"
  integrity sha512-UjgapumWlbMhkBgzT7Ykc5YXUT46F0iKu8SGXq0bcwP5dz/h0Plj6enJqjz1Zbq2l5WaqYnrVbwWOWMyF3F47g==

static-eval@2.0.2:
  version "2.0.2"
  resolved "https://registry.npmjs.org/static-eval/-/static-eval-2.0.2.tgz"
  integrity sha512-N/D219Hcr2bPjLxPiV+TQE++Tsmrady7TqAJugLy7Xk1EumfDWS/f5dtBbkRCGE7wKKXuYockQoj8Rm2/pVKyg==
  dependencies:
    escodegen "^1.8.1"

streamx@^2.15.0, streamx@^2.21.0:
  version "2.23.0"
  resolved "https://registry.npmjs.org/streamx/-/streamx-2.23.0.tgz"
  integrity sha512-kn+e44esVfn2Fa/O0CPFcex27fjIL6MkVae0Mm6q+E6f0hWv578YCERbv+4m02cjxvDsPKLnmxral/rR6lBMAg==
  dependencies:
    events-universal "^1.0.0"
    fast-fifo "^1.3.2"
    text-decoder "^1.1.0"

string-width@^4.1.0, string-width@^4.2.0, string-width@^4.2.3:
  version "4.2.3"
  resolved "https://registry.npmjs.org/string-width/-/string-width-4.2.3.tgz"
  integrity sha512-wKyQRQpjJ0sIp62ErSZdGsjMJWsap5oRNihHhu6G7JVO/9jIB6UyevL+tXuOqrng8j/cxKTWyWUwvSTriiZz/g==
  dependencies:
    emoji-regex "^8.0.0"
    is-fullwidth-code-point "^3.0.0"
    strip-ansi "^6.0.1"

strip-ansi@^6.0.0, strip-ansi@^6.0.1:
  version "6.0.1"
  resolved "https://registry.npmjs.org/strip-ansi/-/strip-ansi-6.0.1.tgz"
  integrity sha512-Y38VPSHcqkFrCpFnQ9vuSXmquuv5oXOKpGeT6aGrr3o3Gc9AlVa6JBfUSOCnbxGGZF+/0ooI7KrPuUSztUdU5A==
  dependencies:
    ansi-regex "^5.0.1"

tar-fs@^3.1.1:
  version "3.1.1"
  resolved "https://registry.npmjs.org/tar-fs/-/tar-fs-3.1.1.tgz"
  integrity sha512-LZA0oaPOc2fVo82Txf3gw+AkEd38szODlptMYejQUhndHMLQ9M059uXR+AfS7DNo0NpINvSqDsvyaCrBVkptWg==
  dependencies:
    pump "^3.0.0"
    tar-stream "^3.1.5"
  optionalDependencies:
    bare-fs "^4.0.1"
    bare-path "^3.0.0"

tar-stream@^3.1.5:
  version "3.1.7"
  resolved "https://registry.npmjs.org/tar-stream/-/tar-stream-3.1.7.tgz"
  integrity sha512-qJj60CXt7IU1Ffyc3NJMjh6EkuCFej46zUqJ4J7pqYlThyd9bO0XBTmcOIhSzZJVWfsLks0+nle/j538YAW9RQ==
  dependencies:
    b4a "^1.6.4"
    fast-fifo "^1.2.0"
    streamx "^2.15.0"

text-decoder@^1.1.0:
  version "1.2.3"
  resolved "https://registry.npmjs.org/text-decoder/-/text-decoder-1.2.3.tgz"
  integrity sha512-3/o9z3X0X0fTupwsYvR03pJ/DjWuqqrfwBgTQzdWDiQSm9KitAyz/9WqsT2JQW7KV2m+bC2ol/zqpW37NHxLaA==
  dependencies:
    b4a "^1.6.4"

tryer@^1.0.1:
  version "1.0.1"
  resolved "https://registry.npmjs.org/tryer/-/tryer-1.0.1.tgz"
  integrity sha512-c3zayb8/kWWpycWYg87P71E1S1ZL6b6IJxfb5fvsUgsf0S2MVGaDhDXXjDMpdCpfWXqptc+4mXwmiy1ypXqRAA==

tslib@^2.0.1:
  version "2.8.1"
  resolved "https://registry.npmjs.org/tslib/-/tslib-2.8.1.tgz"
  integrity sha512-oJFu94HQb+KVduSUQL7wnpmqnfmLsOA/nAh6b6EH0wCEoK0/mPeXU6c3wKDV83MkOuHPRHtSXKKU99IBazS/2w==

type-check@~0.3.2:
  version "0.3.2"
  resolved "https://registry.npmjs.org/type-check/-/type-check-0.3.2.tgz"
  integrity sha512-ZCmOJdvOWDBYJlzAoFkC+Q0+bUyEOS1ltgp1MGU03fqHG+dbi9tBFU2Rd9QKiDZFAYrhPh2JUf7rZRIuHRKtOg==
  dependencies:
    prelude-ls "~1.1.2"

typed-query-selector@^2.12.0:
  version "2.12.0"
  resolved "https://registry.npmjs.org/typed-query-selector/-/typed-query-selector-2.12.0.tgz"
  integrity sha512-SbklCd1F0EiZOyPiW192rrHZzZ5sBijB6xM+cpmrwDqObvdtunOHHIk9fCGsoK5JVIYXoyEp4iEdE3upFH3PAg==

typescript@^5.9.3:
  version "5.9.3"
  resolved "https://registry.npmjs.org/typescript/-/typescript-5.9.3.tgz"
  integrity sha512-jl1vZzPDinLr9eUt3J/t7V6FgNEw9QjvBPdysz9KfQDD41fQrC2Y4vKQdiaUpFT4bXlb1RHhLpp8wtm6M5TgSw==

underscore@1.12.1:
  version "1.12.1"
  resolved "https://registry.npmjs.org/underscore/-/underscore-1.12.1.tgz"
  integrity sha512-hEQt0+ZLDVUMhebKxL4x1BTtDY7bavVofhZ9KZ4aI26X9SRaE+Y3m83XUL1UP2jn8ynjndwCCpEHdUG+9pP1Tw==

undici-types@~7.14.0:
  version "7.14.0"
  resolved "https://registry.npmjs.org/undici-types/-/undici-types-7.14.0.tgz"
  integrity sha512-QQiYxHuyZ9gQUIrmPo3IA+hUl4KYk8uSA7cHrcKd/l3p1OTpZcM0Tbp9x7FAtXdAYhlasd60ncPpgu6ihG6TOA==

webdriver-bidi-protocol@0.3.9:
  version "0.3.9"
  resolved "https://registry.npmjs.org/webdriver-bidi-protocol/-/webdriver-bidi-protocol-0.3.9.tgz"
  integrity sha512-uIYvlRQ0PwtZR1EzHlTMol1G0lAlmOe6wPykF9a77AK3bkpvZHzIVxRE2ThOx5vjy2zISe0zhwf5rzuUfbo1PQ==

word-wrap@~1.2.3:
  version "1.2.5"
  resolved "https://registry.npmjs.org/word-wrap/-/word-wrap-1.2.5.tgz"
  integrity sha512-BN22B5eaMMI9UMtjrGd5g5eCYPpCPDUy0FJXbYsaT5zYxjFOckS53SQDE3pWkVoWpHXVb3BrYcEN4Twa55B5cA==

wrap-ansi@^7.0.0:
  version "7.0.0"
  resolved "https://registry.npmjs.org/wrap-ansi/-/wrap-ansi-7.0.0.tgz"
  integrity sha512-YVGIj2kamLSTxw6NsZjoBxfSwsn0ycdesmc4p+Q21c5zPuZ1pl+NfxVdxPtdHvmNVOQ6XSYG4AUtyt/Fi7D16Q==
  dependencies:
    ansi-styles "^4.0.0"
    string-width "^4.1.0"
    strip-ansi "^6.0.0"

wrappy@1:
  version "1.0.2"
  resolved "https://registry.npmjs.org/wrappy/-/wrappy-1.0.2.tgz"
  integrity sha512-l4Sp/DRseor9wL6EvV2+TuQn63dMkPjZ/sp9XkghTEbV9KlPS1xUsZ3u7/IQO4wxtcFB4bgpQPRcR3QCvezPcQ==

ws@^8.18.3:
  version "8.18.3"
  resolved "https://registry.npmjs.org/ws/-/ws-8.18.3.tgz"
  integrity sha512-PEIGCY5tSlUt50cqyMXfCzX+oOPqN0vuGqWzbcJ2xvnkzkq46oOpz7dQaTDBdfICb4N14+GARUDw2XV2N4tvzg==

y18n@^5.0.5:
  version "5.0.8"
  resolved "https://registry.npmjs.org/y18n/-/y18n-5.0.8.tgz"
  integrity sha512-0pfFzegeDWJHJIAmTLRP2DwHjdF5s7jo9tuztdQxAhINCdvS+3nGINqPd00AphqJR/0LhANUS6/+7SCb98YOfA==

yargs-parser@^21.1.1:
  version "21.1.1"
  resolved "https://registry.npmjs.org/yargs-parser/-/yargs-parser-21.1.1.tgz"
  integrity sha512-tVpsJW7DdjecAiFpbIB1e3qxIQsE6NoPc5/eTdrbbIC4h0LVsWhnoa3g+m2HclBIujHzsxZ4VJVA+GUuc2/LBw==

yargs@^17.7.2:
  version "17.7.2"
  resolved "https://registry.npmjs.org/yargs/-/yargs-17.7.2.tgz"
  integrity sha512-7dSzzRQ++CKnNI/krKnYRV7JKKPUXMEh61soaHKg9mrWEhzFWhFnxPxGl+69cD1Ou63C13NUPCnmIcrvqCuM6w==
  dependencies:
    cliui "^8.0.1"
    escalade "^3.1.1"
    get-caller-file "^2.0.5"
    require-directory "^2.1.1"
    string-width "^4.2.3"
    y18n "^5.0.5"
    yargs-parser "^21.1.1"

yauzl@^2.10.0:
  version "2.10.0"
  resolved "https://registry.npmjs.org/yauzl/-/yauzl-2.10.0.tgz"
  integrity sha512-p4a9I6X6nu6IhoGmBqAcbJy1mlC4j27vEPZX9F4L4/vZT3Lyq1VkFHw/V/PUcB9Buo+DG3iHkT0x3Qya58zc3g==
  dependencies:
    buffer-crc32 "~0.2.3"
    fd-slicer "~1.1.0"

zod@^3.24.1:
  version "3.25.76"
  resolved "https://registry.npmjs.org/zod/-/zod-3.25.76.tgz"
  integrity sha512-gzUt/qt81nXsFGKIFcC3YnfEAx5NkunCfnDlvuBSSFS02bcXu4Lmea0AFIUwbLWxWPx3d9p8S5QoaujKcNQxcQ==
