
Microsoft Visual Studio Solution File, Format Version 12.00
Project("{FAE04EC0-301F-11D3-BF4B-00C04F79EFBC}") = "Api", "src\Api\Api.csproj", "{186AA880-ACAB-4EEE-80C6-D63202901DB7}"
EndProject
Project("{FAE04EC0-301F-11D3-BF4B-00C04F79EFBC}") = "Common", "src\Common\Common.csproj", "{C8971158-BAF3-458F-A1BE-6172F8C7299D}"
EndProject
Project("{FAE04EC0-301F-11D3-BF4B-00C04F79EFBC}") = "Admin", "src\Admin\Admin.csproj", "{423EE00A-40C5-4C71-96EE-0477D987BD0F}"
EndProject
Project("{FAE04EC0-301F-11D3-BF4B-00C04F79EFBC}") = "Frontend", "src\Frontend\Frontend.csproj", "{A19300FF-3A6B-4033-B313-32D550D26E61}"
EndProject
Global
	GlobalSection(SolutionConfigurationPlatforms) = preSolution
		Debug|Any CPU = Debug|Any CPU
		Release|Any CPU = Release|Any CPU
	EndGlobalSection
	GlobalSection(ProjectConfigurationPlatforms) = postSolution
		{186AA880-ACAB-4EEE-80C6-D63202901DB7}.Debug|Any CPU.ActiveCfg = Debug|Any CPU
		{186AA880-ACAB-4EEE-80C6-D63202901DB7}.Debug|Any CPU.Build.0 = Debug|Any CPU
		{186AA880-ACAB-4EEE-80C6-D63202901DB7}.Release|Any CPU.ActiveCfg = Release|Any CPU
		{186AA880-ACAB-4EEE-80C6-D63202901DB7}.Release|Any CPU.Build.0 = Release|Any CPU
		{C8971158-BAF3-458F-A1BE-6172F8C7299D}.Debug|Any CPU.ActiveCfg = Debug|Any CPU
		{C8971158-BAF3-458F-A1BE-6172F8C7299D}.Debug|Any CPU.Build.0 = Debug|Any CPU
		{C8971158-BAF3-458F-A1BE-6172F8C7299D}.Release|Any CPU.ActiveCfg = Release|Any CPU
		{C8971158-BAF3-458F-A1BE-6172F8C7299D}.Release|Any CPU.Build.0 = Release|Any CPU
		{423EE00A-40C5-4C71-96EE-0477D987BD0F}.Debug|Any CPU.ActiveCfg = Debug|Any CPU
		{423EE00A-40C5-4C71-96EE-0477D987BD0F}.Debug|Any CPU.Build.0 = Debug|Any CPU
		{423EE00A-40C5-4C71-96EE-0477D987BD0F}.Release|Any CPU.ActiveCfg = Release|Any CPU
		{423EE00A-40C5-4C71-96EE-0477D987BD0F}.Release|Any CPU.Build.0 = Release|Any CPU
		{A19300FF-3A6B-4033-B313-32D550D26E61}.Debug|Any CPU.ActiveCfg = Debug|Any CPU
		{A19300FF-3A6B-4033-B313-32D550D26E61}.Debug|Any CPU.Build.0 = Debug|Any CPU
		{A19300FF-3A6B-4033-B313-32D550D26E61}.Release|Any CPU.ActiveCfg = Release|Any CPU
		{A19300FF-3A6B-4033-B313-32D550D26E61}.Release|Any CPU.Build.0 = Release|Any CPU
	EndGlobalSection
EndGlobal
